
Microsoft Visual Studio Solution File, Format Version 12.00
# Visual Studio Version 17
VisualStudioVersion = 17.10.35122.118
MinimumVisualStudioVersion = 10.0.40219.1
Project("{FAE04EC0-301F-11D3-BF4B-00C04F79EFBC}") = "ConsoleApp1", "ConsoleApp1\ConsoleApp1.csproj", "{65C2BF85-5117-47C3-A813-5BA44E88048E}"
EndProject
Global
	GlobalSection(SolutionConfigurationPlatforms) = preSolution
		Debug|Any CPU = Debug|Any CPU
		Release|Any CPU = Release|Any CPU
	EndGlobalSection
	GlobalSection(ProjectConfigurationPlatforms) = postSolution
		{65C2BF85-5117-47C3-A813-5BA44E88048E}.Debug|Any CPU.ActiveCfg = Debug|Any CPU
		{65C2BF85-5117-47C3-A813-5BA44E88048E}.Debug|Any CPU.Build.0 = Debug|Any CPU
		{65C2BF85-5117-47C3-A813-5BA44E88048E}.Release|Any CPU.ActiveCfg = Release|Any CPU
		{65C2BF85-5117-47C3-A813-5BA44E88048E}.Release|Any CPU.Build.0 = Release|Any CPU
	EndGlobalSection
	GlobalSection(SolutionProperties) = preSolution
		HideSolutionNode = FALSE
	EndGlobalSection
	GlobalSection(ExtensibilityGlobals) = postSolution
		SolutionGuid = {BD533464-AF29-4D53-BF89-80944589FFE9}
	EndGlobalSection
EndGlobal
